// !$*UTF8*$!
{
	archiveVersion = 1;
	classes = {
	};
	objectVersion = 48;
	objects = {

/* Begin PBXBuildFile section */
		DD0D7B56206656A90076C05D /* AppDelegate.swift in Sources */ = {isa = PBXBuildFile; fileRef = DD0D7B55206656A90076C05D /* AppDelegate.swift */; };
		DD0D7B5B206656A90076C05D /* Main.storyboard in Resources */ = {isa = PBXBuildFile; fileRef = DD0D7B59206656A90076C05D /* Main.storyboard */; };
		DD0D7B5E206656A90076C05D /* SpeedRacerV2.xcdatamodeld in Sources */ = {isa = PBXBuildFile; fileRef = DD0D7B5C206656A90076C05D /* SpeedRacerV2.xcdatamodeld */; };
		DD0D7B60206656A90076C05D /* Assets.xcassets in Resources */ = {isa = PBXBuildFile; fileRef = DD0D7B5F206656A90076C05D /* Assets.xcassets */; };
		DD0D7B63206656A90076C05D /* LaunchScreen.storyboard in Resources */ = {isa = PBXBuildFile; fileRef = DD0D7B61206656A90076C05D /* LaunchScreen.storyboard */; };
		DD0D7B6E206656A90076C05D /* SpeedRacerV2Tests.swift in Sources */ = {isa = PBXBuildFile; fileRef = DD0D7B6D206656A90076C05D /* SpeedRacerV2Tests.swift */; };
		DD0D7B79206656A90076C05D /* SpeedRacerV2UITests.swift in Sources */ = {isa = PBXBuildFile; fileRef = DD0D7B78206656A90076C05D /* SpeedRacerV2UITests.swift */; };
		DD0D7B87206656E60076C05D /* RacerMainController.swift in Sources */ = {isa = PBXBuildFile; fileRef = DD0D7B86206656E60076C05D /* RacerMainController.swift */; };
		DD801F10206D69E800EBCFFF /* SpeedRacerCustomImage.swift in Sources */ = {isa = PBXBuildFile; fileRef = DD801F0F206D69E800EBCFFF /* SpeedRacerCustomImage.swift */; };
		DD9A18E0206E64E200315418 /* StartScreenControllerViewController.swift in Sources */ = {isa = PBXBuildFile; fileRef = DD9A18DF206E64E200315418 /* StartScreenControllerViewController.swift */; };
		DDA8CEDD2066623D0041F065 /* RacerBehaviour.swift in Sources */ = {isa = PBXBuildFile; fileRef = DDA8CEDC2066623D0041F065 /* RacerBehaviour.swift */; };
		DDA8CEDF206663290041F065 /* RacerProtocols.swift in Sources */ = {isa = PBXBuildFile; fileRef = DDA8CEDE206663290041F065 /* RacerProtocols.swift */; };
		DDCF74C02068616B001C4D89 /* MovableUIIMageView.swift in Sources */ = {isa = PBXBuildFile; fileRef = DDCF74BF2068616B001C4D89 /* MovableUIIMageView.swift */; };
		DDF71B5B206E731F00146D45 /* EndViewController.swift in Sources */ = {isa = PBXBuildFile; fileRef = DDF71B5A206E731F00146D45 /* EndViewController.swift */; };
/* End PBXBuildFile section */

/* Begin PBXContainerItemProxy section */
		DD0D7B6A206656A90076C05D /* PBXContainerItemProxy */ = {
			isa = PBXContainerItemProxy;
			containerPortal = DD0D7B4A206656A90076C05D /* Project object */;
			proxyType = 1;
			remoteGlobalIDString = DD0D7B51206656A90076C05D;
			remoteInfo = SpeedRacerV2;
		};
		DD0D7B75206656A90076C05D /* PBXContainerItemProxy */ = {
			isa = PBXContainerItemProxy;
			containerPortal = DD0D7B4A206656A90076C05D /* Project object */;
			proxyType = 1;
			remoteGlobalIDString = DD0D7B51206656A90076C05D;
			remoteInfo = SpeedRacerV2;
		};
/* End PBXContainerItemProxy section */

/* Begin PBXFileReference section */
		DD0D7B52206656A90076C05D /* SpeedRacerV2.app */ = {isa = PBXFileReference; explicitFileType = wrapper.application; includeInIndex = 0; path = SpeedRacerV2.app; sourceTree = BUILT_PRODUCTS_DIR; };
		DD0D7B55206656A90076C05D /* AppDelegate.swift */ = {isa = PBXFileReference; lastKnownFileType = sourcecode.swift; path = AppDelegate.swift; sourceTree = "<group>"; };
		DD0D7B5A206656A90076C05D /* Base */ = {isa = PBXFileReference; lastKnownFileType = file.storyboard; name = Base; path = Base.lproj/Main.storyboard; sourceTree = "<group>"; };
		DD0D7B5D206656A90076C05D /* SpeedRacerV2.xcdatamodel */ = {isa = PBXFileReference; lastKnownFileType = wrapper.xcdatamodel; path = SpeedRacerV2.xcdatamodel; sourceTree = "<group>"; };
		DD0D7B5F206656A90076C05D /* Assets.xcassets */ = {isa = PBXFileReference; lastKnownFileType = folder.assetcatalog; path = Assets.xcassets; sourceTree = "<group>"; };
		DD0D7B62206656A90076C05D /* Base */ = {isa = PBXFileReference; lastKnownFileType = file.storyboard; name = Base; path = Base.lproj/LaunchScreen.storyboard; sourceTree = "<group>"; };
		DD0D7B64206656A90076C05D /* Info.plist */ = {isa = PBXFileReference; lastKnownFileType = text.plist.xml; path = Info.plist; sourceTree = "<group>"; };
		DD0D7B69206656A90076C05D /* SpeedRacerV2Tests.xctest */ = {isa = PBXFileReference; explicitFileType = wrapper.cfbundle; includeInIndex = 0; path = SpeedRacerV2Tests.xctest; sourceTree = BUILT_PRODUCTS_DIR; };
		DD0D7B6D206656A90076C05D /* SpeedRacerV2Tests.swift */ = {isa = PBXFileReference; lastKnownFileType = sourcecode.swift; path = SpeedRacerV2Tests.swift; sourceTree = "<group>"; };
		DD0D7B6F206656A90076C05D /* Info.plist */ = {isa = PBXFileReference; lastKnownFileType = text.plist.xml; path = Info.plist; sourceTree = "<group>"; };
		DD0D7B74206656A90076C05D /* SpeedRacerV2UITests.xctest */ = {isa = PBXFileReference; explicitFileType = wrapper.cfbundle; includeInIndex = 0; path = SpeedRacerV2UITests.xctest; sourceTree = BUILT_PRODUCTS_DIR; };
		DD0D7B78206656A90076C05D /* SpeedRacerV2UITests.swift */ = {isa = PBXFileReference; lastKnownFileType = sourcecode.swift; path = SpeedRacerV2UITests.swift; sourceTree = "<group>"; };
		DD0D7B7A206656A90076C05D /* Info.plist */ = {isa = PBXFileReference; lastKnownFileType = text.plist.xml; path = Info.plist; sourceTree = "<group>"; };
		DD0D7B86206656E60076C05D /* RacerMainController.swift */ = {isa = PBXFileReference; lastKnownFileType = sourcecode.swift; path = RacerMainController.swift; sourceTree = "<group>"; };
		DD801F0F206D69E800EBCFFF /* SpeedRacerCustomImage.swift */ = {isa = PBXFileReference; lastKnownFileType = sourcecode.swift; path = SpeedRacerCustomImage.swift; sourceTree = "<group>"; };
		DD9A18DF206E64E200315418 /* StartScreenControllerViewController.swift */ = {isa = PBXFileReference; lastKnownFileType = sourcecode.swift; path = StartScreenControllerViewController.swift; sourceTree = "<group>"; };
		DDA8CEDC2066623D0041F065 /* RacerBehaviour.swift */ = {isa = PBXFileReference; lastKnownFileType = sourcecode.swift; path = RacerBehaviour.swift; sourceTree = "<group>"; };
		DDA8CEDE206663290041F065 /* RacerProtocols.swift */ = {isa = PBXFileReference; lastKnownFileType = sourcecode.swift; path = RacerProtocols.swift; sourceTree = "<group>"; };
		DDCF74BF2068616B001C4D89 /* MovableUIIMageView.swift */ = {isa = PBXFileReference; lastKnownFileType = sourcecode.swift; path = MovableUIIMageView.swift; sourceTree = "<group>"; };
		DDF71B5A206E731F00146D45 /* EndViewController.swift */ = {isa = PBXFileReference; lastKnownFileType = sourcecode.swift; path = EndViewController.swift; sourceTree = "<group>"; };
/* End PBXFileReference section */

/* Begin PBXFrameworksBuildPhase section */
		DD0D7B4F206656A90076C05D /* Frameworks */ = {
			isa = PBXFrameworksBuildPhase;
			buildActionMask = 2147483647;
			files = (
			);
			runOnlyForDeploymentPostprocessing = 0;
		};
		DD0D7B66206656A90076C05D /* Frameworks */ = {
			isa = PBXFrameworksBuildPhase;
			buildActionMask = 2147483647;
			files = (
			);
			runOnlyForDeploymentPostprocessing = 0;
		};
		DD0D7B71206656A90076C05D /* Frameworks */ = {
			isa = PBXFrameworksBuildPhase;
			buildActionMask = 2147483647;
			files = (
			);
			runOnlyForDeploymentPostprocessing = 0;
		};
/* End PBXFrameworksBuildPhase section */

/* Begin PBXGroup section */
		DD0D7B49206656A90076C05D = {
			isa = PBXGroup;
			children = (
				DD0D7B54206656A90076C05D /* SpeedRacerV2 */,
				DD0D7B6C206656A90076C05D /* SpeedRacerV2Tests */,
				DD0D7B77206656A90076C05D /* SpeedRacerV2UITests */,
				DD0D7B53206656A90076C05D /* Products */,
			);
			sourceTree = "<group>";
		};
		DD0D7B53206656A90076C05D /* Products */ = {
			isa = PBXGroup;
			children = (
				DD0D7B52206656A90076C05D /* SpeedRacerV2.app */,
				DD0D7B69206656A90076C05D /* SpeedRacerV2Tests.xctest */,
				DD0D7B74206656A90076C05D /* SpeedRacerV2UITests.xctest */,
			);
			name = Products;
			sourceTree = "<group>";
		};
		DD0D7B54206656A90076C05D /* SpeedRacerV2 */ = {
			isa = PBXGroup;
			children = (
				DD0D7B86206656E60076C05D /* RacerMainController.swift */,
				DD0D7B55206656A90076C05D /* AppDelegate.swift */,
				DD0D7B59206656A90076C05D /* Main.storyboard */,
				DD0D7B5F206656A90076C05D /* Assets.xcassets */,
				DD0D7B61206656A90076C05D /* LaunchScreen.storyboard */,
				DD0D7B64206656A90076C05D /* Info.plist */,
				DD0D7B5C206656A90076C05D /* SpeedRacerV2.xcdatamodeld */,
				DDA8CEDC2066623D0041F065 /* RacerBehaviour.swift */,
				DDA8CEDE206663290041F065 /* RacerProtocols.swift */,
				DDCF74BF2068616B001C4D89 /* MovableUIIMageView.swift */,
				DDF71B5A206E731F00146D45 /* EndViewController.swift */,
				DD801F0F206D69E800EBCFFF /* SpeedRacerCustomImage.swift */,
				DD9A18DF206E64E200315418 /* StartScreenControllerViewController.swift */,
			);
			path = SpeedRacerV2;
			sourceTree = "<group>";
		};
		DD0D7B6C206656A90076C05D /* SpeedRacerV2Tests */ = {
			isa = PBXGroup;
			children = (
				DD0D7B6D206656A90076C05D /* SpeedRacerV2Tests.swift */,
				DD0D7B6F206656A90076C05D /* Info.plist */,
			);
			path = SpeedRacerV2Tests;
			sourceTree = "<group>";
		};
		DD0D7B77206656A90076C05D /* SpeedRacerV2UITests */ = {
			isa = PBXGroup;
			children = (
				DD0D7B78206656A90076C05D /* SpeedRacerV2UITests.swift */,
				DD0D7B7A206656A90076C05D /* Info.plist */,
			);
			path = SpeedRacerV2UITests;
			sourceTree = "<group>";
		};
/* End PBXGroup section */

/* Begin PBXNativeTarget section */
		DD0D7B51206656A90076C05D /* SpeedRacerV2 */ = {
			isa = PBXNativeTarget;
			buildConfigurationList = DD0D7B7D206656A90076C05D /* Build configuration list for PBXNativeTarget "SpeedRacerV2" */;
			buildPhases = (
				DD0D7B4E206656A90076C05D /* Sources */,
				DD0D7B4F206656A90076C05D /* Frameworks */,
				DD0D7B50206656A90076C05D /* Resources */,
			);
			buildRules = (
			);
			dependencies = (
			);
			name = SpeedRacerV2;
			productName = SpeedRacerV2;
			productReference = DD0D7B52206656A90076C05D /* SpeedRacerV2.app */;
			productType = "com.apple.product-type.application";
		};
		DD0D7B68206656A90076C05D /* SpeedRacerV2Tests */ = {
			isa = PBXNativeTarget;
			buildConfigurationList = DD0D7B80206656A90076C05D /* Build configuration list for PBXNativeTarget "SpeedRacerV2Tests" */;
			buildPhases = (
				DD0D7B65206656A90076C05D /* Sources */,
				DD0D7B66206656A90076C05D /* Frameworks */,
				DD0D7B67206656A90076C05D /* Resources */,
			);
			buildRules = (
			);
			dependencies = (
				DD0D7B6B206656A90076C05D /* PBXTargetDependency */,
			);
			name = SpeedRacerV2Tests;
			productName = SpeedRacerV2Tests;
			productReference = DD0D7B69206656A90076C05D /* SpeedRacerV2Tests.xctest */;
			productType = "com.apple.product-type.bundle.unit-test";
		};
		DD0D7B73206656A90076C05D /* SpeedRacerV2UITests */ = {
			isa = PBXNativeTarget;
			buildConfigurationList = DD0D7B83206656A90076C05D /* Build configuration list for PBXNativeTarget "SpeedRacerV2UITests" */;
			buildPhases = (
				DD0D7B70206656A90076C05D /* Sources */,
				DD0D7B71206656A90076C05D /* Frameworks */,
				DD0D7B72206656A90076C05D /* Resources */,
			);
			buildRules = (
			);
			dependencies = (
				DD0D7B76206656A90076C05D /* PBXTargetDependency */,
			);
			name = SpeedRacerV2UITests;
			productName = SpeedRacerV2UITests;
			productReference = DD0D7B74206656A90076C05D /* SpeedRacerV2UITests.xctest */;
			productType = "com.apple.product-type.bundle.ui-testing";
		};
/* End PBXNativeTarget section */

/* Begin PBXProject section */
		DD0D7B4A206656A90076C05D /* Project object */ = {
			isa = PBXProject;
			attributes = {
				LastSwiftUpdateCheck = 0920;
				LastUpgradeCheck = 0920;
				ORGANIZATIONNAME = com.EngineersParadise;
				TargetAttributes = {
					DD0D7B51206656A90076C05D = {
						CreatedOnToolsVersion = 9.2;
						ProvisioningStyle = Automatic;
					};
					DD0D7B68206656A90076C05D = {
						CreatedOnToolsVersion = 9.2;
						ProvisioningStyle = Automatic;
						TestTargetID = DD0D7B51206656A90076C05D;
					};
					DD0D7B73206656A90076C05D = {
						CreatedOnToolsVersion = 9.2;
						ProvisioningStyle = Automatic;
						TestTargetID = DD0D7B51206656A90076C05D;
					};
				};
			};
			buildConfigurationList = DD0D7B4D206656A90076C05D /* Build configuration list for PBXProject "SpeedRacerV2" */;
			compatibilityVersion = "Xcode 8.0";
			developmentRegion = en;
			hasScannedForEncodings = 0;
			knownRegions = (
				en,
				Base,
			);
			mainGroup = DD0D7B49206656A90076C05D;
			productRefGroup = DD0D7B53206656A90076C05D /* Products */;
			projectDirPath = "";
			projectRoot = "";
			targets = (
				DD0D7B51206656A90076C05D /* SpeedRacerV2 */,
				DD0D7B68206656A90076C05D /* SpeedRacerV2Tests */,
				DD0D7B73206656A90076C05D /* SpeedRacerV2UITests */,
			);
		};
/* End PBXProject section */

/* Begin PBXResourcesBuildPhase section */
		DD0D7B50206656A90076C05D /* Resources */ = {
			isa = PBXResourcesBuildPhase;
			buildActionMask = 2147483647;
			files = (
				DD0D7B63206656A90076C05D /* LaunchScreen.storyboard in Resources */,
				DD0D7B60206656A90076C05D /* Assets.xcassets in Resources */,
				DD0D7B5B206656A90076C05D /* Main.storyboard in Resources */,
			);
			runOnlyForDeploymentPostprocessing = 0;
		};
		DD0D7B67206656A90076C05D /* Resources */ = {
			isa = PBXResourcesBuildPhase;
			buildActionMask = 2147483647;
			files = (
			);
			runOnlyForDeploymentPostprocessing = 0;
		};
		DD0D7B72206656A90076C05D /* Resources */ = {
			isa = PBXResourcesBuildPhase;
			buildActionMask = 2147483647;
			files = (
			);
			runOnlyForDeploymentPostprocessing = 0;
		};
/* End PBXResourcesBuildPhase section */

/* Begin PBXSourcesBuildPhase section */
		DD0D7B4E206656A90076C05D /* Sources */ = {
			isa = PBXSourcesBuildPhase;
			buildActionMask = 2147483647;
			files = (
				DDF71B5B206E731F00146D45 /* EndViewController.swift in Sources */,
				DD0D7B56206656A90076C05D /* AppDelegate.swift in Sources */,
				DD801F10206D69E800EBCFFF /* SpeedRacerCustomImage.swift in Sources */,
				DDA8CEDD2066623D0041F065 /* RacerBehaviour.swift in Sources */,
				DD0D7B5E206656A90076C05D /* SpeedRacerV2.xcdatamodeld in Sources */,
				DDCF74C02068616B001C4D89 /* MovableUIIMageView.swift in Sources */,
				DD9A18E0206E64E200315418 /* StartScreenControllerViewController.swift in Sources */,
				DDA8CEDF206663290041F065 /* RacerProtocols.swift in Sources */,
				DD0D7B87206656E60076C05D /* RacerMainController.swift in Sources */,
			);
			runOnlyForDeploymentPostprocessing = 0;
		};
		DD0D7B65206656A90076C05D /* Sources */ = {
			isa = PBXSourcesBuildPhase;
			buildActionMask = 2147483647;
			files = (
				DD0D7B6E206656A90076C05D /* SpeedRacerV2Tests.swift in Sources */,
			);
			runOnlyForDeploymentPostprocessing = 0;
		};
		DD0D7B70206656A90076C05D /* Sources */ = {
			isa = PBXSourcesBuildPhase;
			buildActionMask = 2147483647;
			files = (
				DD0D7B79206656A90076C05D /* SpeedRacerV2UITests.swift in Sources */,
			);
			runOnlyForDeploymentPostprocessing = 0;
		};
/* End PBXSourcesBuildPhase section */

/* Begin PBXTargetDependency section */
		DD0D7B6B206656A90076C05D /* PBXTargetDependency */ = {
			isa = PBXTargetDependency;
			target = DD0D7B51206656A90076C05D /* SpeedRacerV2 */;
			targetProxy = DD0D7B6A206656A90076C05D /* PBXContainerItemProxy */;
		};
		DD0D7B76206656A90076C05D /* PBXTargetDependency */ = {
			isa = PBXTargetDependency;
			target = DD0D7B51206656A90076C05D /* SpeedRacerV2 */;
			targetProxy = DD0D7B75206656A90076C05D /* PBXContainerItemProxy */;
		};
/* End PBXTargetDependency section */

/* Begin PBXVariantGroup section */
		DD0D7B59206656A90076C05D /* Main.storyboard */ = {
			isa = PBXVariantGroup;
			children = (
				DD0D7B5A206656A90076C05D /* Base */,
			);
			name = Main.storyboard;
			sourceTree = "<group>";
		};
		DD0D7B61206656A90076C05D /* LaunchScreen.storyboard */ = {
			isa = PBXVariantGroup;
			children = (
				DD0D7B62206656A90076C05D /* Base */,
			);
			name = LaunchScreen.storyboard;
			sourceTree = "<group>";
		};
/* End PBXVariantGroup section */

/* Begin XCBuildConfiguration section */
		DD0D7B7B206656A90076C05D /* Debug */ = {
			isa = XCBuildConfiguration;
			buildSettings = {
				ALWAYS_SEARCH_USER_PATHS = NO;
				CLANG_ANALYZER_NONNULL = YES;
				CLANG_ANALYZER_NUMBER_OBJECT_CONVERSION = YES_AGGRESSIVE;
				CLANG_CXX_LANGUAGE_STANDARD = "gnu++14";
				CLANG_CXX_LIBRARY = "libc++";
				CLANG_ENABLE_MODULES = YES;
				CLANG_ENABLE_OBJC_ARC = YES;
				CLANG_WARN_BLOCK_CAPTURE_AUTORELEASING = YES;
				CLANG_WARN_BOOL_CONVERSION = YES;
				CLANG_WARN_COMMA = YES;
				CLANG_WARN_CONSTANT_CONVERSION = YES;
				CLANG_WARN_DIRECT_OBJC_ISA_USAGE = YES_ERROR;
				CLANG_WARN_DOCUMENTATION_COMMENTS = YES;
				CLANG_WARN_EMPTY_BODY = YES;
				CLANG_WARN_ENUM_CONVERSION = YES;
				CLANG_WARN_INFINITE_RECURSION = YES;
				CLANG_WARN_INT_CONVERSION = YES;
				CLANG_WARN_NON_LITERAL_NULL_CONVERSION = YES;
				CLANG_WARN_OBJC_LITERAL_CONVERSION = YES;
				CLANG_WARN_OBJC_ROOT_CLASS = YES_ERROR;
				CLANG_WARN_RANGE_LOOP_ANALYSIS = YES;
				CLANG_WARN_STRICT_PROTOTYPES = YES;
				CLANG_WARN_SUSPICIOUS_MOVE = YES;
				CLANG_WARN_UNGUARDED_AVAILABILITY = YES_AGGRESSIVE;
				CLANG_WARN_UNREACHABLE_CODE = YES;
				CLANG_WARN__DUPLICATE_METHOD_MATCH = YES;
				CODE_SIGN_IDENTITY = "iPhone Developer";
				COPY_PHASE_STRIP = NO;
				DEBUG_INFORMATION_FORMAT = dwarf;
				ENABLE_STRICT_OBJC_MSGSEND = YES;
				ENABLE_TESTABILITY = YES;
				GCC_C_LANGUAGE_STANDARD = gnu11;
				GCC_DYNAMIC_NO_PIC = NO;
				GCC_NO_COMMON_BLOCKS = YES;
				GCC_OPTIMIZATION_LEVEL = 0;
				GCC_PREPROCESSOR_DEFINITIONS = (
					"DEBUG=1",
					"$(inherited)",
				);
				GCC_WARN_64_TO_32_BIT_CONVERSION = YES;
				GCC_WARN_ABOUT_RETURN_TYPE = YES_ERROR;
				GCC_WARN_UNDECLARED_SELECTOR = YES;
				GCC_WARN_UNINITIALIZED_AUTOS = YES_AGGRESSIVE;
				GCC_WARN_UNUSED_FUNCTION = YES;
				GCC_WARN_UNUSED_VARIABLE = YES;
				IPHONEOS_DEPLOYMENT_TARGET = 11.2;
				MTL_ENABLE_DEBUG_INFO = YES;
				ONLY_ACTIVE_ARCH = YES;
				SDKROOT = iphoneos;
				SWIFT_ACTIVE_COMPILATION_CONDITIONS = DEBUG;
				SWIFT_OPTIMIZATION_LEVEL = "-Onone";
			};
			name = Debug;
		};
		DD0D7B7C206656A90076C05D /* Release */ = {
			isa = XCBuildConfiguration;
			buildSettings = {
				ALWAYS_SEARCH_USER_PATHS = NO;
				CLANG_ANALYZER_NONNULL = YES;
				CLANG_ANALYZER_NUMBER_OBJECT_CONVERSION = YES_AGGRESSIVE;
				CLANG_CXX_LANGUAGE_STANDARD = "gnu++14";
				CLANG_CXX_LIBRARY = "libc++";
				CLANG_ENABLE_MODULES = YES;
				CLANG_ENABLE_OBJC_ARC = YES;
				CLANG_WARN_BLOCK_CAPTURE_AUTORELEASING = YES;
				CLANG_WARN_BOOL_CONVERSION = YES;
				CLANG_WARN_COMMA = YES;
				CLANG_WARN_CONSTANT_CONVERSION = YES;
				CLANG_WARN_DIRECT_OBJC_ISA_USAGE = YES_ERROR;
				CLANG_WARN_DOCUMENTATION_COMMENTS = YES;
				CLANG_WARN_EMPTY_BODY = YES;
				CLANG_WARN_ENUM_CONVERSION = YES;
				CLANG_WARN_INFINITE_RECURSION = YES;
				CLANG_WARN_INT_CONVERSION = YES;
				CLANG_WARN_NON_LITERAL_NULL_CONVERSION = YES;
				CLANG_WARN_OBJC_LITERAL_CONVERSION = YES;
				CLANG_WARN_OBJC_ROOT_CLASS = YES_ERROR;
				CLANG_WARN_RANGE_LOOP_ANALYSIS = YES;
				CLANG_WARN_STRICT_PROTOTYPES = YES;
				CLANG_WARN_SUSPICIOUS_MOVE = YES;
				CLANG_WARN_UNGUARDED_AVAILABILITY = YES_AGGRESSIVE;
				CLANG_WARN_UNREACHABLE_CODE = YES;
				CLANG_WARN__DUPLICATE_METHOD_MATCH = YES;
				CODE_SIGN_IDENTITY = "iPhone Developer";
				COPY_PHASE_STRIP = NO;
				DEBUG_INFORMATION_FORMAT = "dwarf-with-dsym";
				ENABLE_NS_ASSERTIONS = NO;
				ENABLE_STRICT_OBJC_MSGSEND = YES;
				GCC_C_LANGUAGE_STANDARD = gnu11;
				GCC_NO_COMMON_BLOCKS = YES;
				GCC_WARN_64_TO_32_BIT_CONVERSION = YES;
				GCC_WARN_ABOUT_RETURN_TYPE = YES_ERROR;
				GCC_WARN_UNDECLARED_SELECTOR = YES;
				GCC_WARN_UNINITIALIZED_AUTOS = YES_AGGRESSIVE;
				GCC_WARN_UNUSED_FUNCTION = YES;
				GCC_WARN_UNUSED_VARIABLE = YES;
				IPHONEOS_DEPLOYMENT_TARGET = 11.2;
				MTL_ENABLE_DEBUG_INFO = NO;
				SDKROOT = iphoneos;
				SWIFT_OPTIMIZATION_LEVEL = "-Owholemodule";
				VALIDATE_PRODUCT = YES;
			};
			name = Release;
		};
		DD0D7B7E206656A90076C05D /* Debug */ = {
			isa = XCBuildConfiguration;
			buildSettings = {
				ASSETCATALOG_COMPILER_APPICON_NAME = AppIcon;
				CODE_SIGN_STYLE = Automatic;
				INFOPLIST_FILE = SpeedRacerV2/Info.plist;
				LD_RUNPATH_SEARCH_PATHS = "$(inherited) @executable_path/Frameworks";
				PRODUCT_BUNDLE_IDENTIFIER = com.hannah.SpeedRacerV2;
				PRODUCT_NAME = "$(TARGET_NAME)";
				SWIFT_VERSION = 4.0;
				TARGETED_DEVICE_FAMILY = "1,2";
			};
			name = Debug;
		};
		DD0D7B7F206656A90076C05D /* Release */ = {
			isa = XCBuildConfiguration;
			buildSettings = {
				ASSETCATALOG_COMPILER_APPICON_NAME = AppIcon;
				CODE_SIGN_STYLE = Automatic;
				INFOPLIST_FILE = SpeedRacerV2/Info.plist;
				LD_RUNPATH_SEARCH_PATHS = "$(inherited) @executable_path/Frameworks";
				PRODUCT_BUNDLE_IDENTIFIER = com.hannah.SpeedRacerV2;
				PRODUCT_NAME = "$(TARGET_NAME)";
				SWIFT_VERSION = 4.0;
				TARGETED_DEVICE_FAMILY = "1,2";
			};
			name = Release;
		};
		DD0D7B81206656A90076C05D /* Debug */ = {
			isa = XCBuildConfiguration;
			buildSettings = {
				ALWAYS_EMBED_SWIFT_STANDARD_LIBRARIES = YES;
				BUNDLE_LOADER = "$(TEST_HOST)";
				CODE_SIGN_STYLE = Automatic;
				INFOPLIST_FILE = SpeedRacerV2Tests/Info.plist;
				LD_RUNPATH_SEARCH_PATHS = "$(inherited) @executable_path/Frameworks @loader_path/Frameworks";
				PRODUCT_BUNDLE_IDENTIFIER = com.hannah.SpeedRacerV2Tests;
				PRODUCT_NAME = "$(TARGET_NAME)";
				SWIFT_VERSION = 4.0;
				TARGETED_DEVICE_FAMILY = "1,2";
				TEST_HOST = "$(BUILT_PRODUCTS_DIR)/SpeedRacerV2.app/SpeedRacerV2";
			};
			name = Debug;
		};
		DD0D7B82206656A90076C05D /* Release */ = {
			isa = XCBuildConfiguration;
			buildSettings = {
				ALWAYS_EMBED_SWIFT_STANDARD_LIBRARIES = YES;
				BUNDLE_LOADER = "$(TEST_HOST)";
				CODE_SIGN_STYLE = Automatic;
				INFOPLIST_FILE = SpeedRacerV2Tests/Info.plist;
				LD_RUNPATH_SEARCH_PATHS = "$(inherited) @executable_path/Frameworks @loader_path/Frameworks";
				PRODUCT_BUNDLE_IDENTIFIER = com.hannah.SpeedRacerV2Tests;
				PRODUCT_NAME = "$(TARGET_NAME)";
				SWIFT_VERSION = 4.0;
				TARGETED_DEVICE_FAMILY = "1,2";
				TEST_HOST = "$(BUILT_PRODUCTS_DIR)/SpeedRacerV2.app/SpeedRacerV2";
			};
			name = Release;
		};
		DD0D7B84206656A90076C05D /* Debug */ = {
			isa = XCBuildConfiguration;
			buildSettings = {
				ALWAYS_EMBED_SWIFT_STANDARD_LIBRARIES = YES;
				CODE_SIGN_STYLE = Automatic;
				INFOPLIST_FILE = SpeedRacerV2UITests/Info.plist;
				LD_RUNPATH_SEARCH_PATHS = "$(inherited) @executable_path/Frameworks @loader_path/Frameworks";
				PRODUCT_BUNDLE_IDENTIFIER = com.hannah.SpeedRacerV2UITests;
				PRODUCT_NAME = "$(TARGET_NAME)";
				SWIFT_VERSION = 4.0;
				TARGETED_DEVICE_FAMILY = "1,2";
				TEST_TARGET_NAME = SpeedRacerV2;
			};
			name = Debug;
		};
		DD0D7B85206656A90076C05D /* Release */ = {
			isa = XCBuildConfiguration;
			buildSettings = {
				ALWAYS_EMBED_SWIFT_STANDARD_LIBRARIES = YES;
				CODE_SIGN_STYLE = Automatic;
				INFOPLIST_FILE = SpeedRacerV2UITests/Info.plist;
				LD_RUNPATH_SEARCH_PATHS = "$(inherited) @executable_path/Frameworks @loader_path/Frameworks";
				PRODUCT_BUNDLE_IDENTIFIER = com.hannah.SpeedRacerV2UITests;
				PRODUCT_NAME = "$(TARGET_NAME)";
				SWIFT_VERSION = 4.0;
				TARGETED_DEVICE_FAMILY = "1,2";
				TEST_TARGET_NAME = SpeedRacerV2;
			};
			name = Release;
		};
/* End XCBuildConfiguration section */

/* Begin XCConfigurationList section */
		DD0D7B4D206656A90076C05D /* Build configuration list for PBXProject "SpeedRacerV2" */ = {
			isa = XCConfigurationList;
			buildConfigurations = (
				DD0D7B7B206656A90076C05D /* Debug */,
				DD0D7B7C206656A90076C05D /* Release */,
			);
			defaultConfigurationIsVisible = 0;
			defaultConfigurationName = Release;
		};
		DD0D7B7D206656A90076C05D /* Build configuration list for PBXNativeTarget "SpeedRacerV2" */ = {
			isa = XCConfigurationList;
			buildConfigurations = (
				DD0D7B7E206656A90076C05D /* Debug */,
				DD0D7B7F206656A90076C05D /* Release */,
			);
			defaultConfigurationIsVisible = 0;
			defaultConfigurationName = Release;
		};
		DD0D7B80206656A90076C05D /* Build configuration list for PBXNativeTarget "SpeedRacerV2Tests" */ = {
			isa = XCConfigurationList;
			buildConfigurations = (
				DD0D7B81206656A90076C05D /* Debug */,
				DD0D7B82206656A90076C05D /* Release */,
			);
			defaultConfigurationIsVisible = 0;
			defaultConfigurationName = Release;
		};
		DD0D7B83206656A90076C05D /* Build configuration list for PBXNativeTarget "SpeedRacerV2UITests" */ = {
			isa = XCConfigurationList;
			buildConfigurations = (
				DD0D7B84206656A90076C05D /* Debug */,
				DD0D7B85206656A90076C05D /* Release */,
			);
			defaultConfigurationIsVisible = 0;
			defaultConfigurationName = Release;
		};
/* End XCConfigurationList section */

/* Begin XCVersionGroup section */
		DD0D7B5C206656A90076C05D /* SpeedRacerV2.xcdatamodeld */ = {
			isa = XCVersionGroup;
			children = (
				DD0D7B5D206656A90076C05D /* SpeedRacerV2.xcdatamodel */,
			);
			currentVersion = DD0D7B5D206656A90076C05D /* SpeedRacerV2.xcdatamodel */;
			path = SpeedRacerV2.xcdatamodeld;
			sourceTree = "<group>";
			versionGroupType = wrapper.xcdatamodel;
		};
/* End XCVersionGroup section */
	};
	rootObject = DD0D7B4A206656A90076C05D /* Project object */;
}
